
Microsoft Visual Studio Solution File, Format Version 10.00
# Visual Studio 2008
Project("{FAE04EC0-301F-11D3-BF4B-00C04F79EFBC}") = "SalesApp", "SalesApp\SalesApp.csproj", "{5298DEF5-FF3E-43D2-AA74-2367955221DB}"
EndProject
Global
	GlobalSection(SolutionConfigurationPlatforms) = preSolution
		Debug|Any CPU = Debug|Any CPU
		Release|Any CPU = Release|Any CPU
	EndGlobalSection
	GlobalSection(ProjectConfigurationPlatforms) = postSolution
		{5298DEF5-FF3E-43D2-AA74-2367955221DB}.Debug|Any CPU.ActiveCfg = Debug|Any CPU
		{5298DEF5-FF3E-43D2-AA74-2367955221DB}.Debug|Any CPU.Build.0 = Debug|Any CPU
		{5298DEF5-FF3E-43D2-AA74-2367955221DB}.Release|Any CPU.ActiveCfg = Release|Any CPU
		{5298DEF5-FF3E-43D2-AA74-2367955221DB}.Release|Any CPU.Build.0 = Release|Any CPU
	EndGlobalSection
	GlobalSection(SolutionProperties) = preSolution
		HideSolutionNode = FALSE
	EndGlobalSection
EndGlobal
